
Microsoft Visual Studio Solution File, Format Version 12.00
# Visual Studio 2012
Project("{FAE04EC0-301F-11D3-BF4B-00C04F79EFBC}") = "Question_1d", "Question_1d\Question_1d.csproj", "{1A2FB5CF-84A8-4ACA-88C3-AB054B29960B}"
EndProject
Project("{FAE04EC0-301F-11D3-BF4B-00C04F79EFBC}") = "Question_2d", "Question_2d\Question_2d.csproj", "{D6C8D464-8DDA-4E2F-8EC2-0CE96BE71AD4}"
EndProject
Project("{FAE04EC0-301F-11D3-BF4B-00C04F79EFBC}") = "Question_3d", "Question_3d\Question_3d.csproj", "{50AB85AD-110F-438F-8016-7A28E8ECB6F9}"
EndProject
Project("{FAE04EC0-301F-11D3-BF4B-00C04F79EFBC}") = "Question_4d", "Question_4d\Question_4d.csproj", "{CCD624BC-3772-4A07-B885-2273A3C3770D}"
EndProject
Project("{FAE04EC0-301F-11D3-BF4B-00C04F79EFBC}") = "Question_5d", "Question_5d\Question_5d.csproj", "{3C11FA82-58EF-43BE-A72D-1C09AFBBE5E2}"
EndProject
Global
	GlobalSection(SolutionConfigurationPlatforms) = preSolution
		Debug|x86 = Debug|x86
		Release|x86 = Release|x86
	EndGlobalSection
	GlobalSection(ProjectConfigurationPlatforms) = postSolution
		{1A2FB5CF-84A8-4ACA-88C3-AB054B29960B}.Debug|x86.ActiveCfg = Debug|x86
		{1A2FB5CF-84A8-4ACA-88C3-AB054B29960B}.Debug|x86.Build.0 = Debug|x86
		{1A2FB5CF-84A8-4ACA-88C3-AB054B29960B}.Release|x86.ActiveCfg = Release|x86
		{1A2FB5CF-84A8-4ACA-88C3-AB054B29960B}.Release|x86.Build.0 = Release|x86
		{D6C8D464-8DDA-4E2F-8EC2-0CE96BE71AD4}.Debug|x86.ActiveCfg = Debug|x86
		{D6C8D464-8DDA-4E2F-8EC2-0CE96BE71AD4}.Debug|x86.Build.0 = Debug|x86
		{D6C8D464-8DDA-4E2F-8EC2-0CE96BE71AD4}.Release|x86.ActiveCfg = Release|x86
		{D6C8D464-8DDA-4E2F-8EC2-0CE96BE71AD4}.Release|x86.Build.0 = Release|x86
		{50AB85AD-110F-438F-8016-7A28E8ECB6F9}.Debug|x86.ActiveCfg = Debug|x86
		{50AB85AD-110F-438F-8016-7A28E8ECB6F9}.Debug|x86.Build.0 = Debug|x86
		{50AB85AD-110F-438F-8016-7A28E8ECB6F9}.Release|x86.ActiveCfg = Release|x86
		{50AB85AD-110F-438F-8016-7A28E8ECB6F9}.Release|x86.Build.0 = Release|x86
		{CCD624BC-3772-4A07-B885-2273A3C3770D}.Debug|x86.ActiveCfg = Debug|x86
		{CCD624BC-3772-4A07-B885-2273A3C3770D}.Debug|x86.Build.0 = Debug|x86
		{CCD624BC-3772-4A07-B885-2273A3C3770D}.Release|x86.ActiveCfg = Release|x86
		{CCD624BC-3772-4A07-B885-2273A3C3770D}.Release|x86.Build.0 = Release|x86
		{3C11FA82-58EF-43BE-A72D-1C09AFBBE5E2}.Debug|x86.ActiveCfg = Debug|x86
		{3C11FA82-58EF-43BE-A72D-1C09AFBBE5E2}.Debug|x86.Build.0 = Debug|x86
		{3C11FA82-58EF-43BE-A72D-1C09AFBBE5E2}.Release|x86.ActiveCfg = Release|x86
		{3C11FA82-58EF-43BE-A72D-1C09AFBBE5E2}.Release|x86.Build.0 = Release|x86
	EndGlobalSection
EndGlobal
