
Microsoft Visual Studio Solution File, Format Version 12.00
# Visual Studio 2012
Project("{FAE04EC0-301F-11D3-BF4B-00C04F79EFBC}") = "Q01", "Q01\Q01.csproj", "{96AF047C-41CA-4AAE-9788-128024F92536}"
EndProject
Project("{FAE04EC0-301F-11D3-BF4B-00C04F79EFBC}") = "Q02", "Q02\Q02.csproj", "{AEA1C9CB-0C74-4A46-AD39-D0688CF94B01}"
EndProject
Project("{FAE04EC0-301F-11D3-BF4B-00C04F79EFBC}") = "Q03", "Q03\Q03.csproj", "{88952782-B6D5-43AE-A9C6-05BF2B0DD94A}"
EndProject
Project("{FAE04EC0-301F-11D3-BF4B-00C04F79EFBC}") = "Q04", "Q04\Q04.csproj", "{F72AD0B0-250A-4FF3-90D4-5D0CF0234079}"
EndProject
Project("{FAE04EC0-301F-11D3-BF4B-00C04F79EFBC}") = "Q05", "Q05\Q05.csproj", "{2678EE82-060A-4379-9A92-C88F0A9349D7}"
EndProject
Project("{FAE04EC0-301F-11D3-BF4B-00C04F79EFBC}") = "Q06", "Q06\Q06.csproj", "{8BDA7D96-A9AC-491A-9EAB-41ECC3232448}"
EndProject
Project("{FAE04EC0-301F-11D3-BF4B-00C04F79EFBC}") = "Q07", "Q07\Q07.csproj", "{060FC975-0AC6-4E97-A45B-C2ABE205C2DE}"
EndProject
Project("{FAE04EC0-301F-11D3-BF4B-00C04F79EFBC}") = "Q08", "Q08\Q08.csproj", "{A19B73C1-A511-4B64-9F62-1000A7629FD2}"
EndProject
Project("{FAE04EC0-301F-11D3-BF4B-00C04F79EFBC}") = "Q09", "Q09\Q09.csproj", "{16CB90B8-5824-4468-A797-F3E7E7BE288E}"
EndProject
Project("{FAE04EC0-301F-11D3-BF4B-00C04F79EFBC}") = "Q10", "Q10\Q10.csproj", "{C4F6338E-2459-4621-A7EA-C305CDE3B724}"
EndProject
Project("{FAE04EC0-301F-11D3-BF4B-00C04F79EFBC}") = "Q11", "Q11\Q11.csproj", "{D679748B-9C2C-470C-B623-131513DCA00B}"
EndProject
Global
	GlobalSection(SolutionConfigurationPlatforms) = preSolution
		Debug|x86 = Debug|x86
		Release|x86 = Release|x86
	EndGlobalSection
	GlobalSection(ProjectConfigurationPlatforms) = postSolution
		{96AF047C-41CA-4AAE-9788-128024F92536}.Debug|x86.ActiveCfg = Debug|x86
		{96AF047C-41CA-4AAE-9788-128024F92536}.Debug|x86.Build.0 = Debug|x86
		{96AF047C-41CA-4AAE-9788-128024F92536}.Release|x86.ActiveCfg = Release|x86
		{96AF047C-41CA-4AAE-9788-128024F92536}.Release|x86.Build.0 = Release|x86
		{AEA1C9CB-0C74-4A46-AD39-D0688CF94B01}.Debug|x86.ActiveCfg = Debug|x86
		{AEA1C9CB-0C74-4A46-AD39-D0688CF94B01}.Debug|x86.Build.0 = Debug|x86
		{AEA1C9CB-0C74-4A46-AD39-D0688CF94B01}.Release|x86.ActiveCfg = Release|x86
		{AEA1C9CB-0C74-4A46-AD39-D0688CF94B01}.Release|x86.Build.0 = Release|x86
		{88952782-B6D5-43AE-A9C6-05BF2B0DD94A}.Debug|x86.ActiveCfg = Debug|x86
		{88952782-B6D5-43AE-A9C6-05BF2B0DD94A}.Debug|x86.Build.0 = Debug|x86
		{88952782-B6D5-43AE-A9C6-05BF2B0DD94A}.Release|x86.ActiveCfg = Release|x86
		{88952782-B6D5-43AE-A9C6-05BF2B0DD94A}.Release|x86.Build.0 = Release|x86
		{F72AD0B0-250A-4FF3-90D4-5D0CF0234079}.Debug|x86.ActiveCfg = Debug|x86
		{F72AD0B0-250A-4FF3-90D4-5D0CF0234079}.Debug|x86.Build.0 = Debug|x86
		{F72AD0B0-250A-4FF3-90D4-5D0CF0234079}.Release|x86.ActiveCfg = Release|x86
		{F72AD0B0-250A-4FF3-90D4-5D0CF0234079}.Release|x86.Build.0 = Release|x86
		{2678EE82-060A-4379-9A92-C88F0A9349D7}.Debug|x86.ActiveCfg = Debug|x86
		{2678EE82-060A-4379-9A92-C88F0A9349D7}.Debug|x86.Build.0 = Debug|x86
		{2678EE82-060A-4379-9A92-C88F0A9349D7}.Release|x86.ActiveCfg = Release|x86
		{2678EE82-060A-4379-9A92-C88F0A9349D7}.Release|x86.Build.0 = Release|x86
		{8BDA7D96-A9AC-491A-9EAB-41ECC3232448}.Debug|x86.ActiveCfg = Debug|x86
		{8BDA7D96-A9AC-491A-9EAB-41ECC3232448}.Debug|x86.Build.0 = Debug|x86
		{8BDA7D96-A9AC-491A-9EAB-41ECC3232448}.Release|x86.ActiveCfg = Release|x86
		{8BDA7D96-A9AC-491A-9EAB-41ECC3232448}.Release|x86.Build.0 = Release|x86
		{060FC975-0AC6-4E97-A45B-C2ABE205C2DE}.Debug|x86.ActiveCfg = Debug|x86
		{060FC975-0AC6-4E97-A45B-C2ABE205C2DE}.Debug|x86.Build.0 = Debug|x86
		{060FC975-0AC6-4E97-A45B-C2ABE205C2DE}.Release|x86.ActiveCfg = Release|x86
		{060FC975-0AC6-4E97-A45B-C2ABE205C2DE}.Release|x86.Build.0 = Release|x86
		{A19B73C1-A511-4B64-9F62-1000A7629FD2}.Debug|x86.ActiveCfg = Debug|x86
		{A19B73C1-A511-4B64-9F62-1000A7629FD2}.Debug|x86.Build.0 = Debug|x86
		{A19B73C1-A511-4B64-9F62-1000A7629FD2}.Release|x86.ActiveCfg = Release|x86
		{A19B73C1-A511-4B64-9F62-1000A7629FD2}.Release|x86.Build.0 = Release|x86
		{16CB90B8-5824-4468-A797-F3E7E7BE288E}.Debug|x86.ActiveCfg = Debug|x86
		{16CB90B8-5824-4468-A797-F3E7E7BE288E}.Debug|x86.Build.0 = Debug|x86
		{16CB90B8-5824-4468-A797-F3E7E7BE288E}.Release|x86.ActiveCfg = Release|x86
		{16CB90B8-5824-4468-A797-F3E7E7BE288E}.Release|x86.Build.0 = Release|x86
		{C4F6338E-2459-4621-A7EA-C305CDE3B724}.Debug|x86.ActiveCfg = Debug|x86
		{C4F6338E-2459-4621-A7EA-C305CDE3B724}.Debug|x86.Build.0 = Debug|x86
		{C4F6338E-2459-4621-A7EA-C305CDE3B724}.Release|x86.ActiveCfg = Release|x86
		{C4F6338E-2459-4621-A7EA-C305CDE3B724}.Release|x86.Build.0 = Release|x86
		{D679748B-9C2C-470C-B623-131513DCA00B}.Debug|x86.ActiveCfg = Debug|x86
		{D679748B-9C2C-470C-B623-131513DCA00B}.Debug|x86.Build.0 = Debug|x86
		{D679748B-9C2C-470C-B623-131513DCA00B}.Release|x86.ActiveCfg = Release|x86
		{D679748B-9C2C-470C-B623-131513DCA00B}.Release|x86.Build.0 = Release|x86
	EndGlobalSection
EndGlobal
