
Microsoft Visual Studio Solution File, Format Version 12.00
# Visual Studio 2012
Project("{FAE04EC0-301F-11D3-BF4B-00C04F79EFBC}") = "Q01_HourlyRate", "Q1_HourlyRate\Q01_HourlyRate.csproj", "{50283555-2391-43D8-8BAB-B6BAD99625CC}"
EndProject
Project("{FAE04EC0-301F-11D3-BF4B-00C04F79EFBC}") = "Q02_HourlyRate", "Q2_HourlyRate\Q02_HourlyRate.csproj", "{49F20862-FE53-4AFF-9F6E-52D8ABECF507}"
EndProject
Project("{FAE04EC0-301F-11D3-BF4B-00C04F79EFBC}") = "Q03_InterestRate", "Q3_InterestRate\Q03_InterestRate.csproj", "{2136D1EF-EE3E-4396-881C-2F9123E3417A}"
EndProject
Project("{FAE04EC0-301F-11D3-BF4B-00C04F79EFBC}") = "Q04_Message", "Q4_Message\Q04_Message.csproj", "{9AB6E37A-BCBC-4F65-A91A-54671851CF10}"
EndProject
Project("{FAE04EC0-301F-11D3-BF4B-00C04F79EFBC}") = "Q05_IQScore", "Q5_IQScore\Q05_IQScore.csproj", "{8F73F61C-D314-405B-B542-D8E9DC6D9CFA}"
EndProject
Project("{FAE04EC0-301F-11D3-BF4B-00C04F79EFBC}") = "Q06_NetPay", "Q6_NetPay\Q06_NetPay.csproj", "{6AF80B6C-2385-4E92-8B4E-F76F1332267B}"
EndProject
Project("{FAE04EC0-301F-11D3-BF4B-00C04F79EFBC}") = "Q07_Textbook", "Q7_Textbook\Q07_Textbook.csproj", "{029C9A8C-8C4C-45DC-A1C5-9FD7704222B2}"
EndProject
Project("{FAE04EC0-301F-11D3-BF4B-00C04F79EFBC}") = "Q08_Integer", "Q8_Integer\Q08_Integer.csproj", "{FE45AEB3-9463-48AA-A6E8-D05CAC5122E5}"
EndProject
Project("{FAE04EC0-301F-11D3-BF4B-00C04F79EFBC}") = "Q11_Admission", "Q11_Admission\Q11_Admission.csproj", "{02735F8E-D7CE-4304-A286-A1901239C53E}"
EndProject
Project("{FAE04EC0-301F-11D3-BF4B-00C04F79EFBC}") = "Q09_IQScore", "Q09_IQScore\Q09_IQScore.csproj", "{FBE48FE3-240C-40CD-A840-E1E7BA23DAC0}"
EndProject
Project("{FAE04EC0-301F-11D3-BF4B-00C04F79EFBC}") = "Q10_HourlyRate", "Q10_HourlyRate\Q10_HourlyRate.csproj", "{20427048-4F7B-4B5B-B322-3D44DBCFB468}"
EndProject
Project("{FAE04EC0-301F-11D3-BF4B-00C04F79EFBC}") = "Q12_LawnMowing", "Q12_LawnMowing\Q12_LawnMowing.csproj", "{EFC001D1-D85E-4E62-B0A1-C4DB3C365473}"
EndProject
Project("{FAE04EC0-301F-11D3-BF4B-00C04F79EFBC}") = "Q13_LawnPayment", "Q13_LawnPayment\Q13_LawnPayment.csproj", "{9F43F9A5-9876-4FAE-9491-ACD28040C691}"
EndProject
Project("{FAE04EC0-301F-11D3-BF4B-00C04F79EFBC}") = "Q14_Tax", "Q14_Tax\Q14_Tax.csproj", "{34D0A877-FC79-4928-A571-61AEA23393B9}"
EndProject
Project("{FAE04EC0-301F-11D3-BF4B-00C04F79EFBC}") = "Q15_RandomNumber", "Q15_RandomNumber\Q15_RandomNumber.csproj", "{7732DDE8-3392-4150-8701-E5F4E595BF95}"
EndProject
Project("{FAE04EC0-301F-11D3-BF4B-00C04F79EFBC}") = "Q16_RockPaperScissors", "Q16_RockPaperScissors\Q16_RockPaperScissors.csproj", "{F66E8191-E5E4-45B0-A80A-ADA69D784AB7}"
EndProject
Project("{FAE04EC0-301F-11D3-BF4B-00C04F79EFBC}") = "Q17_Lottery", "Q17_Lottery\Q17_Lottery.csproj", "{C203D2EB-5298-4C60-A5E8-FF4A89C96DED}"
EndProject
Global
	GlobalSection(SolutionConfigurationPlatforms) = preSolution
		Debug|x86 = Debug|x86
		Release|x86 = Release|x86
	EndGlobalSection
	GlobalSection(ProjectConfigurationPlatforms) = postSolution
		{50283555-2391-43D8-8BAB-B6BAD99625CC}.Debug|x86.ActiveCfg = Debug|x86
		{50283555-2391-43D8-8BAB-B6BAD99625CC}.Debug|x86.Build.0 = Debug|x86
		{50283555-2391-43D8-8BAB-B6BAD99625CC}.Release|x86.ActiveCfg = Release|x86
		{50283555-2391-43D8-8BAB-B6BAD99625CC}.Release|x86.Build.0 = Release|x86
		{49F20862-FE53-4AFF-9F6E-52D8ABECF507}.Debug|x86.ActiveCfg = Debug|x86
		{49F20862-FE53-4AFF-9F6E-52D8ABECF507}.Debug|x86.Build.0 = Debug|x86
		{49F20862-FE53-4AFF-9F6E-52D8ABECF507}.Release|x86.ActiveCfg = Release|x86
		{49F20862-FE53-4AFF-9F6E-52D8ABECF507}.Release|x86.Build.0 = Release|x86
		{2136D1EF-EE3E-4396-881C-2F9123E3417A}.Debug|x86.ActiveCfg = Debug|x86
		{2136D1EF-EE3E-4396-881C-2F9123E3417A}.Debug|x86.Build.0 = Debug|x86
		{2136D1EF-EE3E-4396-881C-2F9123E3417A}.Release|x86.ActiveCfg = Release|x86
		{2136D1EF-EE3E-4396-881C-2F9123E3417A}.Release|x86.Build.0 = Release|x86
		{9AB6E37A-BCBC-4F65-A91A-54671851CF10}.Debug|x86.ActiveCfg = Debug|x86
		{9AB6E37A-BCBC-4F65-A91A-54671851CF10}.Debug|x86.Build.0 = Debug|x86
		{9AB6E37A-BCBC-4F65-A91A-54671851CF10}.Release|x86.ActiveCfg = Release|x86
		{9AB6E37A-BCBC-4F65-A91A-54671851CF10}.Release|x86.Build.0 = Release|x86
		{8F73F61C-D314-405B-B542-D8E9DC6D9CFA}.Debug|x86.ActiveCfg = Debug|x86
		{8F73F61C-D314-405B-B542-D8E9DC6D9CFA}.Debug|x86.Build.0 = Debug|x86
		{8F73F61C-D314-405B-B542-D8E9DC6D9CFA}.Release|x86.ActiveCfg = Release|x86
		{8F73F61C-D314-405B-B542-D8E9DC6D9CFA}.Release|x86.Build.0 = Release|x86
		{6AF80B6C-2385-4E92-8B4E-F76F1332267B}.Debug|x86.ActiveCfg = Debug|x86
		{6AF80B6C-2385-4E92-8B4E-F76F1332267B}.Debug|x86.Build.0 = Debug|x86
		{6AF80B6C-2385-4E92-8B4E-F76F1332267B}.Release|x86.ActiveCfg = Release|x86
		{6AF80B6C-2385-4E92-8B4E-F76F1332267B}.Release|x86.Build.0 = Release|x86
		{029C9A8C-8C4C-45DC-A1C5-9FD7704222B2}.Debug|x86.ActiveCfg = Debug|x86
		{029C9A8C-8C4C-45DC-A1C5-9FD7704222B2}.Debug|x86.Build.0 = Debug|x86
		{029C9A8C-8C4C-45DC-A1C5-9FD7704222B2}.Release|x86.ActiveCfg = Release|x86
		{029C9A8C-8C4C-45DC-A1C5-9FD7704222B2}.Release|x86.Build.0 = Release|x86
		{FE45AEB3-9463-48AA-A6E8-D05CAC5122E5}.Debug|x86.ActiveCfg = Debug|x86
		{FE45AEB3-9463-48AA-A6E8-D05CAC5122E5}.Debug|x86.Build.0 = Debug|x86
		{FE45AEB3-9463-48AA-A6E8-D05CAC5122E5}.Release|x86.ActiveCfg = Release|x86
		{FE45AEB3-9463-48AA-A6E8-D05CAC5122E5}.Release|x86.Build.0 = Release|x86
		{02735F8E-D7CE-4304-A286-A1901239C53E}.Debug|x86.ActiveCfg = Debug|x86
		{02735F8E-D7CE-4304-A286-A1901239C53E}.Debug|x86.Build.0 = Debug|x86
		{02735F8E-D7CE-4304-A286-A1901239C53E}.Release|x86.ActiveCfg = Release|x86
		{02735F8E-D7CE-4304-A286-A1901239C53E}.Release|x86.Build.0 = Release|x86
		{FBE48FE3-240C-40CD-A840-E1E7BA23DAC0}.Debug|x86.ActiveCfg = Debug|x86
		{FBE48FE3-240C-40CD-A840-E1E7BA23DAC0}.Debug|x86.Build.0 = Debug|x86
		{FBE48FE3-240C-40CD-A840-E1E7BA23DAC0}.Release|x86.ActiveCfg = Release|x86
		{FBE48FE3-240C-40CD-A840-E1E7BA23DAC0}.Release|x86.Build.0 = Release|x86
		{20427048-4F7B-4B5B-B322-3D44DBCFB468}.Debug|x86.ActiveCfg = Debug|x86
		{20427048-4F7B-4B5B-B322-3D44DBCFB468}.Debug|x86.Build.0 = Debug|x86
		{20427048-4F7B-4B5B-B322-3D44DBCFB468}.Release|x86.ActiveCfg = Release|x86
		{20427048-4F7B-4B5B-B322-3D44DBCFB468}.Release|x86.Build.0 = Release|x86
		{EFC001D1-D85E-4E62-B0A1-C4DB3C365473}.Debug|x86.ActiveCfg = Debug|x86
		{EFC001D1-D85E-4E62-B0A1-C4DB3C365473}.Debug|x86.Build.0 = Debug|x86
		{EFC001D1-D85E-4E62-B0A1-C4DB3C365473}.Release|x86.ActiveCfg = Release|x86
		{EFC001D1-D85E-4E62-B0A1-C4DB3C365473}.Release|x86.Build.0 = Release|x86
		{9F43F9A5-9876-4FAE-9491-ACD28040C691}.Debug|x86.ActiveCfg = Debug|x86
		{9F43F9A5-9876-4FAE-9491-ACD28040C691}.Debug|x86.Build.0 = Debug|x86
		{9F43F9A5-9876-4FAE-9491-ACD28040C691}.Release|x86.ActiveCfg = Release|x86
		{9F43F9A5-9876-4FAE-9491-ACD28040C691}.Release|x86.Build.0 = Release|x86
		{34D0A877-FC79-4928-A571-61AEA23393B9}.Debug|x86.ActiveCfg = Debug|x86
		{34D0A877-FC79-4928-A571-61AEA23393B9}.Debug|x86.Build.0 = Debug|x86
		{34D0A877-FC79-4928-A571-61AEA23393B9}.Release|x86.ActiveCfg = Release|x86
		{34D0A877-FC79-4928-A571-61AEA23393B9}.Release|x86.Build.0 = Release|x86
		{7732DDE8-3392-4150-8701-E5F4E595BF95}.Debug|x86.ActiveCfg = Debug|x86
		{7732DDE8-3392-4150-8701-E5F4E595BF95}.Debug|x86.Build.0 = Debug|x86
		{7732DDE8-3392-4150-8701-E5F4E595BF95}.Release|x86.ActiveCfg = Release|x86
		{7732DDE8-3392-4150-8701-E5F4E595BF95}.Release|x86.Build.0 = Release|x86
		{F66E8191-E5E4-45B0-A80A-ADA69D784AB7}.Debug|x86.ActiveCfg = Debug|x86
		{F66E8191-E5E4-45B0-A80A-ADA69D784AB7}.Debug|x86.Build.0 = Debug|x86
		{F66E8191-E5E4-45B0-A80A-ADA69D784AB7}.Release|x86.ActiveCfg = Release|x86
		{F66E8191-E5E4-45B0-A80A-ADA69D784AB7}.Release|x86.Build.0 = Release|x86
		{C203D2EB-5298-4C60-A5E8-FF4A89C96DED}.Debug|x86.ActiveCfg = Debug|x86
		{C203D2EB-5298-4C60-A5E8-FF4A89C96DED}.Debug|x86.Build.0 = Debug|x86
		{C203D2EB-5298-4C60-A5E8-FF4A89C96DED}.Release|x86.ActiveCfg = Release|x86
		{C203D2EB-5298-4C60-A5E8-FF4A89C96DED}.Release|x86.Build.0 = Release|x86
	EndGlobalSection
EndGlobal
