
Microsoft Visual Studio Solution File, Format Version 12.00
# Visual Studio 2012
Project("{FAE04EC0-301F-11D3-BF4B-00C04F79EFBC}") = "Nitin", "Nitin\Nitin.csproj", "{9BA28C47-39A0-4ADF-B3E9-75E065410DC8}"
EndProject
Global
	GlobalSection(SolutionConfigurationPlatforms) = preSolution
		Debug|x86 = Debug|x86
		Release|x86 = Release|x86
	EndGlobalSection
	GlobalSection(ProjectConfigurationPlatforms) = postSolution
		{9BA28C47-39A0-4ADF-B3E9-75E065410DC8}.Debug|x86.ActiveCfg = Debug|x86
		{9BA28C47-39A0-4ADF-B3E9-75E065410DC8}.Debug|x86.Build.0 = Debug|x86
		{9BA28C47-39A0-4ADF-B3E9-75E065410DC8}.Release|x86.ActiveCfg = Release|x86
		{9BA28C47-39A0-4ADF-B3E9-75E065410DC8}.Release|x86.Build.0 = Release|x86
	EndGlobalSection
EndGlobal
