
Microsoft Visual Studio Solution File, Format Version 12.00
# Visual Studio 2012
Project("{FAE04EC0-301F-11D3-BF4B-00C04F79EFBC}") = "Q02_Sumof8Numbers", "Q02_Sumof8Numbers\Q02_Sumof8Numbers.csproj", "{68B9CE5C-D035-45C7-8F17-5C4C9200451D}"
EndProject
Project("{FAE04EC0-301F-11D3-BF4B-00C04F79EFBC}") = "Q03_Averageof10Numbers", "Q03_Averageof10Numbers\Q03_Averageof10Numbers.csproj", "{CD1FACAA-D48C-40B8-B9F0-38EC999A144E}"
EndProject
Project("{FAE04EC0-301F-11D3-BF4B-00C04F79EFBC}") = "Q04_GallonsToLiters", "Q04_GallonsToLiters\Q04_GallonsToLiters.csproj", "{210C677E-E93F-4637-AB0F-169BD7DABDB7}"
EndProject
Project("{FAE04EC0-301F-11D3-BF4B-00C04F79EFBC}") = "Q05_FeetToMeters", "Q05_FeetToMeters\Q05_FeetToMeters.csproj", "{C257230F-7F59-47DE-85B3-EFA30B7DB416}"
EndProject
Project("{FAE04EC0-301F-11D3-BF4B-00C04F79EFBC}") = "Q01_While", "Q01_While\Q01_While.csproj", "{116D2D97-EE23-457C-AC5A-54409EAD2586}"
EndProject
Project("{FAE04EC0-301F-11D3-BF4B-00C04F79EFBC}") = "Q01_For", "Q01_For\Q01_For.csproj", "{78FD2C1E-27A1-4148-BD54-9B1AB4D488E4}"
EndProject
Project("{FAE04EC0-301F-11D3-BF4B-00C04F79EFBC}") = "Q01_DoWhile", "Q01_DoWhile\Q01_DoWhile.csproj", "{65E6EA99-22D5-4811-859B-0AA298E77DB3}"
EndProject
Project("{FAE04EC0-301F-11D3-BF4B-00C04F79EFBC}") = "Q06_FahreneitToCelsius", "Q06_FahreneitToCelsius\Q06_FahreneitToCelsius.csproj", "{EB4A51C7-8311-4450-BE07-D95633F55A70}"
EndProject
Project("{FAE04EC0-301F-11D3-BF4B-00C04F79EFBC}") = "Q07_While", "Q07_While\Q07_While.csproj", "{2C0E98FB-13B2-499E-83C4-3A3E906466ED}"
EndProject
Project("{FAE04EC0-301F-11D3-BF4B-00C04F79EFBC}") = "Q07_For", "Q07_For\Q07_For.csproj", "{BB0D60BE-B231-47DF-8508-61948FCC2AE6}"
EndProject
Project("{FAE04EC0-301F-11D3-BF4B-00C04F79EFBC}") = "Q08_While", "Q08_While\Q08_While.csproj", "{25CACFEA-5A82-48CF-BE11-0E30B3F82E7A}"
EndProject
Project("{FAE04EC0-301F-11D3-BF4B-00C04F79EFBC}") = "Q08_For", "Q08_For\Q08_For.csproj", "{79B4EFEC-A48D-4AAC-8F8D-78178F2ED53D}"
EndProject
Project("{FAE04EC0-301F-11D3-BF4B-00C04F79EFBC}") = "Q09_While", "Q09_While\Q09_While.csproj", "{8A9404E6-F931-424F-BE7A-2E010C388040}"
EndProject
Project("{FAE04EC0-301F-11D3-BF4B-00C04F79EFBC}") = "Q09_For", "Q09_For\Q09_For.csproj", "{AB6F4551-31DC-4821-8767-37CB188F22F1}"
EndProject
Project("{FAE04EC0-301F-11D3-BF4B-00C04F79EFBC}") = "Q10_While", "Q10_While\Q10_While.csproj", "{AF21600B-18EE-42A8-85CD-AE291D91121D}"
EndProject
Project("{FAE04EC0-301F-11D3-BF4B-00C04F79EFBC}") = "Q10_For", "Q10_For\Q10_For.csproj", "{0EC170AB-41A3-4DA3-B431-691B9A89A37C}"
EndProject
Project("{FAE04EC0-301F-11D3-BF4B-00C04F79EFBC}") = "Q11_For", "Q11_For\Q11_For.csproj", "{D3C19213-E9E6-419B-B91A-E30C07161AE4}"
EndProject
Project("{FAE04EC0-301F-11D3-BF4B-00C04F79EFBC}") = "Q11_While", "Q11_While\Q11_While.csproj", "{EE957262-64A2-4892-AA6A-AB0C2548D4D9}"
EndProject
Global
	GlobalSection(SolutionConfigurationPlatforms) = preSolution
		Debug|x86 = Debug|x86
		Release|x86 = Release|x86
	EndGlobalSection
	GlobalSection(ProjectConfigurationPlatforms) = postSolution
		{68B9CE5C-D035-45C7-8F17-5C4C9200451D}.Debug|x86.ActiveCfg = Debug|x86
		{68B9CE5C-D035-45C7-8F17-5C4C9200451D}.Debug|x86.Build.0 = Debug|x86
		{68B9CE5C-D035-45C7-8F17-5C4C9200451D}.Release|x86.ActiveCfg = Release|x86
		{68B9CE5C-D035-45C7-8F17-5C4C9200451D}.Release|x86.Build.0 = Release|x86
		{CD1FACAA-D48C-40B8-B9F0-38EC999A144E}.Debug|x86.ActiveCfg = Debug|x86
		{CD1FACAA-D48C-40B8-B9F0-38EC999A144E}.Debug|x86.Build.0 = Debug|x86
		{CD1FACAA-D48C-40B8-B9F0-38EC999A144E}.Release|x86.ActiveCfg = Release|x86
		{CD1FACAA-D48C-40B8-B9F0-38EC999A144E}.Release|x86.Build.0 = Release|x86
		{210C677E-E93F-4637-AB0F-169BD7DABDB7}.Debug|x86.ActiveCfg = Debug|x86
		{210C677E-E93F-4637-AB0F-169BD7DABDB7}.Debug|x86.Build.0 = Debug|x86
		{210C677E-E93F-4637-AB0F-169BD7DABDB7}.Release|x86.ActiveCfg = Release|x86
		{210C677E-E93F-4637-AB0F-169BD7DABDB7}.Release|x86.Build.0 = Release|x86
		{C257230F-7F59-47DE-85B3-EFA30B7DB416}.Debug|x86.ActiveCfg = Debug|x86
		{C257230F-7F59-47DE-85B3-EFA30B7DB416}.Debug|x86.Build.0 = Debug|x86
		{C257230F-7F59-47DE-85B3-EFA30B7DB416}.Release|x86.ActiveCfg = Release|x86
		{C257230F-7F59-47DE-85B3-EFA30B7DB416}.Release|x86.Build.0 = Release|x86
		{116D2D97-EE23-457C-AC5A-54409EAD2586}.Debug|x86.ActiveCfg = Debug|x86
		{116D2D97-EE23-457C-AC5A-54409EAD2586}.Debug|x86.Build.0 = Debug|x86
		{116D2D97-EE23-457C-AC5A-54409EAD2586}.Release|x86.ActiveCfg = Release|x86
		{116D2D97-EE23-457C-AC5A-54409EAD2586}.Release|x86.Build.0 = Release|x86
		{78FD2C1E-27A1-4148-BD54-9B1AB4D488E4}.Debug|x86.ActiveCfg = Debug|x86
		{78FD2C1E-27A1-4148-BD54-9B1AB4D488E4}.Debug|x86.Build.0 = Debug|x86
		{78FD2C1E-27A1-4148-BD54-9B1AB4D488E4}.Release|x86.ActiveCfg = Release|x86
		{78FD2C1E-27A1-4148-BD54-9B1AB4D488E4}.Release|x86.Build.0 = Release|x86
		{65E6EA99-22D5-4811-859B-0AA298E77DB3}.Debug|x86.ActiveCfg = Debug|x86
		{65E6EA99-22D5-4811-859B-0AA298E77DB3}.Debug|x86.Build.0 = Debug|x86
		{65E6EA99-22D5-4811-859B-0AA298E77DB3}.Release|x86.ActiveCfg = Release|x86
		{65E6EA99-22D5-4811-859B-0AA298E77DB3}.Release|x86.Build.0 = Release|x86
		{EB4A51C7-8311-4450-BE07-D95633F55A70}.Debug|x86.ActiveCfg = Debug|x86
		{EB4A51C7-8311-4450-BE07-D95633F55A70}.Debug|x86.Build.0 = Debug|x86
		{EB4A51C7-8311-4450-BE07-D95633F55A70}.Release|x86.ActiveCfg = Release|x86
		{EB4A51C7-8311-4450-BE07-D95633F55A70}.Release|x86.Build.0 = Release|x86
		{2C0E98FB-13B2-499E-83C4-3A3E906466ED}.Debug|x86.ActiveCfg = Debug|x86
		{2C0E98FB-13B2-499E-83C4-3A3E906466ED}.Debug|x86.Build.0 = Debug|x86
		{2C0E98FB-13B2-499E-83C4-3A3E906466ED}.Release|x86.ActiveCfg = Release|x86
		{2C0E98FB-13B2-499E-83C4-3A3E906466ED}.Release|x86.Build.0 = Release|x86
		{BB0D60BE-B231-47DF-8508-61948FCC2AE6}.Debug|x86.ActiveCfg = Debug|x86
		{BB0D60BE-B231-47DF-8508-61948FCC2AE6}.Debug|x86.Build.0 = Debug|x86
		{BB0D60BE-B231-47DF-8508-61948FCC2AE6}.Release|x86.ActiveCfg = Release|x86
		{BB0D60BE-B231-47DF-8508-61948FCC2AE6}.Release|x86.Build.0 = Release|x86
		{25CACFEA-5A82-48CF-BE11-0E30B3F82E7A}.Debug|x86.ActiveCfg = Debug|x86
		{25CACFEA-5A82-48CF-BE11-0E30B3F82E7A}.Debug|x86.Build.0 = Debug|x86
		{25CACFEA-5A82-48CF-BE11-0E30B3F82E7A}.Release|x86.ActiveCfg = Release|x86
		{25CACFEA-5A82-48CF-BE11-0E30B3F82E7A}.Release|x86.Build.0 = Release|x86
		{79B4EFEC-A48D-4AAC-8F8D-78178F2ED53D}.Debug|x86.ActiveCfg = Debug|x86
		{79B4EFEC-A48D-4AAC-8F8D-78178F2ED53D}.Debug|x86.Build.0 = Debug|x86
		{79B4EFEC-A48D-4AAC-8F8D-78178F2ED53D}.Release|x86.ActiveCfg = Release|x86
		{79B4EFEC-A48D-4AAC-8F8D-78178F2ED53D}.Release|x86.Build.0 = Release|x86
		{8A9404E6-F931-424F-BE7A-2E010C388040}.Debug|x86.ActiveCfg = Debug|x86
		{8A9404E6-F931-424F-BE7A-2E010C388040}.Debug|x86.Build.0 = Debug|x86
		{8A9404E6-F931-424F-BE7A-2E010C388040}.Release|x86.ActiveCfg = Release|x86
		{8A9404E6-F931-424F-BE7A-2E010C388040}.Release|x86.Build.0 = Release|x86
		{AB6F4551-31DC-4821-8767-37CB188F22F1}.Debug|x86.ActiveCfg = Debug|x86
		{AB6F4551-31DC-4821-8767-37CB188F22F1}.Debug|x86.Build.0 = Debug|x86
		{AB6F4551-31DC-4821-8767-37CB188F22F1}.Release|x86.ActiveCfg = Release|x86
		{AB6F4551-31DC-4821-8767-37CB188F22F1}.Release|x86.Build.0 = Release|x86
		{AF21600B-18EE-42A8-85CD-AE291D91121D}.Debug|x86.ActiveCfg = Debug|x86
		{AF21600B-18EE-42A8-85CD-AE291D91121D}.Debug|x86.Build.0 = Debug|x86
		{AF21600B-18EE-42A8-85CD-AE291D91121D}.Release|x86.ActiveCfg = Release|x86
		{AF21600B-18EE-42A8-85CD-AE291D91121D}.Release|x86.Build.0 = Release|x86
		{0EC170AB-41A3-4DA3-B431-691B9A89A37C}.Debug|x86.ActiveCfg = Debug|x86
		{0EC170AB-41A3-4DA3-B431-691B9A89A37C}.Debug|x86.Build.0 = Debug|x86
		{0EC170AB-41A3-4DA3-B431-691B9A89A37C}.Release|x86.ActiveCfg = Release|x86
		{0EC170AB-41A3-4DA3-B431-691B9A89A37C}.Release|x86.Build.0 = Release|x86
		{D3C19213-E9E6-419B-B91A-E30C07161AE4}.Debug|x86.ActiveCfg = Debug|x86
		{D3C19213-E9E6-419B-B91A-E30C07161AE4}.Debug|x86.Build.0 = Debug|x86
		{D3C19213-E9E6-419B-B91A-E30C07161AE4}.Release|x86.ActiveCfg = Release|x86
		{D3C19213-E9E6-419B-B91A-E30C07161AE4}.Release|x86.Build.0 = Release|x86
		{EE957262-64A2-4892-AA6A-AB0C2548D4D9}.Debug|x86.ActiveCfg = Debug|x86
		{EE957262-64A2-4892-AA6A-AB0C2548D4D9}.Debug|x86.Build.0 = Debug|x86
		{EE957262-64A2-4892-AA6A-AB0C2548D4D9}.Release|x86.ActiveCfg = Release|x86
		{EE957262-64A2-4892-AA6A-AB0C2548D4D9}.Release|x86.Build.0 = Release|x86
	EndGlobalSection
EndGlobal
